
Microsoft Visual Studio Solution File, Format Version 12.00
# Visual Studio Version 16
VisualStudioVersion = 16.0.34601.136
MinimumVisualStudioVersion = 10.0.40219.1
Project("{FAE04EC0-301F-11D3-BF4B-00C04F79EFBC}") = "Assign2.1", "Assign2.1\Assign2.1.csproj", "{2F285B3F-DAE5-4E95-9DBB-440D02DD911E}"
EndProject
Global
	GlobalSection(SolutionConfigurationPlatforms) = preSolution
		Debug|Any CPU = Debug|Any CPU
		Release|Any CPU = Release|Any CPU
	EndGlobalSection
	GlobalSection(ProjectConfigurationPlatforms) = postSolution
		{2F285B3F-DAE5-4E95-9DBB-440D02DD911E}.Debug|Any CPU.ActiveCfg = Debug|Any CPU
		{2F285B3F-DAE5-4E95-9DBB-440D02DD911E}.Debug|Any CPU.Build.0 = Debug|Any CPU
		{2F285B3F-DAE5-4E95-9DBB-440D02DD911E}.Release|Any CPU.ActiveCfg = Release|Any CPU
		{2F285B3F-DAE5-4E95-9DBB-440D02DD911E}.Release|Any CPU.Build.0 = Release|Any CPU
	EndGlobalSection
	GlobalSection(SolutionProperties) = preSolution
		HideSolutionNode = FALSE
	EndGlobalSection
	GlobalSection(ExtensibilityGlobals) = postSolution
		SolutionGuid = {D5D49AC7-D529-45FC-A1CA-067103926B15}
	EndGlobalSection
EndGlobal
