
Microsoft Visual Studio Solution File, Format Version 12.00
# Visual Studio Version 16
VisualStudioVersion = 16.0.34601.136
MinimumVisualStudioVersion = 10.0.40219.1
Project("{FAE04EC0-301F-11D3-BF4B-00C04F79EFBC}") = "Concession", "Concession\Concession.csproj", "{940EA86A-B5F5-4D33-9444-187ADE2C845F}"
EndProject
Project("{FAE04EC0-301F-11D3-BF4B-00C04F79EFBC}") = "Test", "Test\Test.csproj", "{99F1BBED-1514-43FB-9527-01597FEBAAB7}"
EndProject
Project("{FAE04EC0-301F-11D3-BF4B-00C04F79EFBC}") = "assign3_1", "assign3_1\assign3_1.csproj", "{AFBFE12C-4CD7-49B5-B43F-E47B075E8316}"
EndProject
Project("{FAE04EC0-301F-11D3-BF4B-00C04F79EFBC}") = "assign3_2", "assign3_2\assign3_2.csproj", "{8DFDB396-0E75-419C-929F-05C287C4678A}"
EndProject
Global
	GlobalSection(SolutionConfigurationPlatforms) = preSolution
		Debug|Any CPU = Debug|Any CPU
		Release|Any CPU = Release|Any CPU
	EndGlobalSection
	GlobalSection(ProjectConfigurationPlatforms) = postSolution
		{940EA86A-B5F5-4D33-9444-187ADE2C845F}.Debug|Any CPU.ActiveCfg = Debug|Any CPU
		{940EA86A-B5F5-4D33-9444-187ADE2C845F}.Debug|Any CPU.Build.0 = Debug|Any CPU
		{940EA86A-B5F5-4D33-9444-187ADE2C845F}.Release|Any CPU.ActiveCfg = Release|Any CPU
		{940EA86A-B5F5-4D33-9444-187ADE2C845F}.Release|Any CPU.Build.0 = Release|Any CPU
		{99F1BBED-1514-43FB-9527-01597FEBAAB7}.Debug|Any CPU.ActiveCfg = Debug|Any CPU
		{99F1BBED-1514-43FB-9527-01597FEBAAB7}.Debug|Any CPU.Build.0 = Debug|Any CPU
		{99F1BBED-1514-43FB-9527-01597FEBAAB7}.Release|Any CPU.ActiveCfg = Release|Any CPU
		{99F1BBED-1514-43FB-9527-01597FEBAAB7}.Release|Any CPU.Build.0 = Release|Any CPU
		{AFBFE12C-4CD7-49B5-B43F-E47B075E8316}.Debug|Any CPU.ActiveCfg = Debug|Any CPU
		{AFBFE12C-4CD7-49B5-B43F-E47B075E8316}.Debug|Any CPU.Build.0 = Debug|Any CPU
		{AFBFE12C-4CD7-49B5-B43F-E47B075E8316}.Release|Any CPU.ActiveCfg = Release|Any CPU
		{AFBFE12C-4CD7-49B5-B43F-E47B075E8316}.Release|Any CPU.Build.0 = Release|Any CPU
		{8DFDB396-0E75-419C-929F-05C287C4678A}.Debug|Any CPU.ActiveCfg = Debug|Any CPU
		{8DFDB396-0E75-419C-929F-05C287C4678A}.Debug|Any CPU.Build.0 = Debug|Any CPU
		{8DFDB396-0E75-419C-929F-05C287C4678A}.Release|Any CPU.ActiveCfg = Release|Any CPU
		{8DFDB396-0E75-419C-929F-05C287C4678A}.Release|Any CPU.Build.0 = Release|Any CPU
	EndGlobalSection
	GlobalSection(SolutionProperties) = preSolution
		HideSolutionNode = FALSE
	EndGlobalSection
	GlobalSection(ExtensibilityGlobals) = postSolution
		SolutionGuid = {96E95305-3797-48E4-8E60-0DD0CC834BA2}
	EndGlobalSection
EndGlobal
