
Microsoft Visual Studio Solution File, Format Version 12.00
# Visual Studio Version 16
VisualStudioVersion = 16.0.34601.136
MinimumVisualStudioVersion = 10.0.40219.1
Project("{FAE04EC0-301F-11D3-BF4B-00C04F79EFBC}") = "Assign 2.3", "Assign 2.3\Assign 2.3.csproj", "{FD89B650-5ACF-4851-8CCF-89429CEAB0CA}"
EndProject
Global
	GlobalSection(SolutionConfigurationPlatforms) = preSolution
		Debug|Any CPU = Debug|Any CPU
		Release|Any CPU = Release|Any CPU
	EndGlobalSection
	GlobalSection(ProjectConfigurationPlatforms) = postSolution
		{FD89B650-5ACF-4851-8CCF-89429CEAB0CA}.Debug|Any CPU.ActiveCfg = Debug|Any CPU
		{FD89B650-5ACF-4851-8CCF-89429CEAB0CA}.Debug|Any CPU.Build.0 = Debug|Any CPU
		{FD89B650-5ACF-4851-8CCF-89429CEAB0CA}.Release|Any CPU.ActiveCfg = Release|Any CPU
		{FD89B650-5ACF-4851-8CCF-89429CEAB0CA}.Release|Any CPU.Build.0 = Release|Any CPU
	EndGlobalSection
	GlobalSection(SolutionProperties) = preSolution
		HideSolutionNode = FALSE
	EndGlobalSection
	GlobalSection(ExtensibilityGlobals) = postSolution
		SolutionGuid = {A5D99A72-59DF-46FE-B08B-9CCD93B3D9B5}
	EndGlobalSection
EndGlobal
