
Microsoft Visual Studio Solution File, Format Version 12.00
# Visual Studio Version 16
VisualStudioVersion = 16.0.34601.136
MinimumVisualStudioVersion = 10.0.40219.1
Project("{FAE04EC0-301F-11D3-BF4B-00C04F79EFBC}") = "Assessment_1", "Assessment_1\Assessment_1.csproj", "{4512D09A-FE46-49D2-9D7A-CB6FED54410D}"
EndProject
Global
	GlobalSection(SolutionConfigurationPlatforms) = preSolution
		Debug|Any CPU = Debug|Any CPU
		Release|Any CPU = Release|Any CPU
	EndGlobalSection
	GlobalSection(ProjectConfigurationPlatforms) = postSolution
		{4512D09A-FE46-49D2-9D7A-CB6FED54410D}.Debug|Any CPU.ActiveCfg = Debug|Any CPU
		{4512D09A-FE46-49D2-9D7A-CB6FED54410D}.Debug|Any CPU.Build.0 = Debug|Any CPU
		{4512D09A-FE46-49D2-9D7A-CB6FED54410D}.Release|Any CPU.ActiveCfg = Release|Any CPU
		{4512D09A-FE46-49D2-9D7A-CB6FED54410D}.Release|Any CPU.Build.0 = Release|Any CPU
	EndGlobalSection
	GlobalSection(SolutionProperties) = preSolution
		HideSolutionNode = FALSE
	EndGlobalSection
	GlobalSection(ExtensibilityGlobals) = postSolution
		SolutionGuid = {5A0D86D8-5E54-4C24-BBD7-F1138B224B23}
	EndGlobalSection
EndGlobal
