
Microsoft Visual Studio Solution File, Format Version 12.00
# Visual Studio Version 16
VisualStudioVersion = 16.0.34601.136
MinimumVisualStudioVersion = 10.0.40219.1
Project("{FAE04EC0-301F-11D3-BF4B-00C04F79EFBC}") = "Assignment_1", "Assignment_1\Assignment_1.csproj", "{481857F5-9938-45CD-BE0D-FAABE17227F2}"
EndProject
Global
	GlobalSection(SolutionConfigurationPlatforms) = preSolution
		Debug|Any CPU = Debug|Any CPU
		Release|Any CPU = Release|Any CPU
	EndGlobalSection
	GlobalSection(ProjectConfigurationPlatforms) = postSolution
		{481857F5-9938-45CD-BE0D-FAABE17227F2}.Debug|Any CPU.ActiveCfg = Debug|Any CPU
		{481857F5-9938-45CD-BE0D-FAABE17227F2}.Debug|Any CPU.Build.0 = Debug|Any CPU
		{481857F5-9938-45CD-BE0D-FAABE17227F2}.Release|Any CPU.ActiveCfg = Release|Any CPU
		{481857F5-9938-45CD-BE0D-FAABE17227F2}.Release|Any CPU.Build.0 = Release|Any CPU
	EndGlobalSection
	GlobalSection(SolutionProperties) = preSolution
		HideSolutionNode = FALSE
	EndGlobalSection
	GlobalSection(ExtensibilityGlobals) = postSolution
		SolutionGuid = {38943BEB-90EF-43E1-8376-0503DFA183A5}
	EndGlobalSection
EndGlobal
