
Microsoft Visual Studio Solution File, Format Version 12.00
# Visual Studio Version 16
VisualStudioVersion = 16.0.34601.136
MinimumVisualStudioVersion = 10.0.40219.1
Project("{FAE04EC0-301F-11D3-BF4B-00C04F79EFBC}") = "3", "3\3.csproj", "{DDED10B5-B5B8-40AC-A765-7AB62A2672D0}"
EndProject
Global
	GlobalSection(SolutionConfigurationPlatforms) = preSolution
		Debug|Any CPU = Debug|Any CPU
		Release|Any CPU = Release|Any CPU
	EndGlobalSection
	GlobalSection(ProjectConfigurationPlatforms) = postSolution
		{DDED10B5-B5B8-40AC-A765-7AB62A2672D0}.Debug|Any CPU.ActiveCfg = Debug|Any CPU
		{DDED10B5-B5B8-40AC-A765-7AB62A2672D0}.Debug|Any CPU.Build.0 = Debug|Any CPU
		{DDED10B5-B5B8-40AC-A765-7AB62A2672D0}.Release|Any CPU.ActiveCfg = Release|Any CPU
		{DDED10B5-B5B8-40AC-A765-7AB62A2672D0}.Release|Any CPU.Build.0 = Release|Any CPU
	EndGlobalSection
	GlobalSection(SolutionProperties) = preSolution
		HideSolutionNode = FALSE
	EndGlobalSection
	GlobalSection(ExtensibilityGlobals) = postSolution
		SolutionGuid = {A7B50D96-91BF-4023-A471-0EE283E69E1D}
	EndGlobalSection
EndGlobal
